// !$*UTF8*$!
{
	archiveVersion = 1;
	classes = {
	};
	objectVersion = 51;
	objects = {

/* Begin PBXBuildFile section */
		3AA76B848B315A3EC87BDEC9 /* Pods_AcronymsTests.framework in Frameworks */ = {isa = PBXBuildFile; fileRef = 8925FDB35DE7C77E4F77C057 /* Pods_AcronymsTests.framework */; };
		7BD5BDB324207A6AE0D9B43E /* Pods_Acronyms.framework in Frameworks */ = {isa = PBXBuildFile; fileRef = 3FABA7E24EB7421F23A5780E /* Pods_Acronyms.framework */; };
		A03A24692616A27100CB1089 /* AppDelegate.swift in Sources */ = {isa = PBXBuildFile; fileRef = A03A24682616A27100CB1089 /* AppDelegate.swift */; };
		A03A246B2616A27100CB1089 /* SceneDelegate.swift in Sources */ = {isa = PBXBuildFile; fileRef = A03A246A2616A27100CB1089 /* SceneDelegate.swift */; };
		A03A246D2616A27100CB1089 /* ViewController.swift in Sources */ = {isa = PBXBuildFile; fileRef = A03A246C2616A27100CB1089 /* ViewController.swift */; };
		A03A24722616A27200CB1089 /* Assets.xcassets in Resources */ = {isa = PBXBuildFile; fileRef = A03A24712616A27200CB1089 /* Assets.xcassets */; };
		A03A24752616A27200CB1089 /* LaunchScreen.storyboard in Resources */ = {isa = PBXBuildFile; fileRef = A03A24732616A27200CB1089 /* LaunchScreen.storyboard */; };
		A03A24802616A27300CB1089 /* AcronymsTests.swift in Sources */ = {isa = PBXBuildFile; fileRef = A03A247F2616A27300CB1089 /* AcronymsTests.swift */; };
/* End PBXBuildFile section */

/* Begin PBXContainerItemProxy section */
		A03A247C2616A27300CB1089 /* PBXContainerItemProxy */ = {
			isa = PBXContainerItemProxy;
			containerPortal = A03A245D2616A27100CB1089 /* Project object */;
			proxyType = 1;
			remoteGlobalIDString = A03A24642616A27100CB1089;
			remoteInfo = Acronyms;
		};
/* End PBXContainerItemProxy section */

/* Begin PBXFileReference section */
		17CF38629ECC38FC58001457 /* Pods-Acronyms.debug.xcconfig */ = {isa = PBXFileReference; includeInIndex = 1; lastKnownFileType = text.xcconfig; name = "Pods-Acronyms.debug.xcconfig"; path = "Target Support Files/Pods-Acronyms/Pods-Acronyms.debug.xcconfig"; sourceTree = "<group>"; };
		3FABA7E24EB7421F23A5780E /* Pods_Acronyms.framework */ = {isa = PBXFileReference; explicitFileType = wrapper.framework; includeInIndex = 0; path = Pods_Acronyms.framework; sourceTree = BUILT_PRODUCTS_DIR; };
		51BA63BCF1C1B1E46D3F4030 /* Pods-AcronymsTests.release.xcconfig */ = {isa = PBXFileReference; includeInIndex = 1; lastKnownFileType = text.xcconfig; name = "Pods-AcronymsTests.release.xcconfig"; path = "Target Support Files/Pods-AcronymsTests/Pods-AcronymsTests.release.xcconfig"; sourceTree = "<group>"; };
		8925FDB35DE7C77E4F77C057 /* Pods_AcronymsTests.framework */ = {isa = PBXFileReference; explicitFileType = wrapper.framework; includeInIndex = 0; path = Pods_AcronymsTests.framework; sourceTree = BUILT_PRODUCTS_DIR; };
		A03A24652616A27100CB1089 /* Acronyms.app */ = {isa = PBXFileReference; explicitFileType = wrapper.application; includeInIndex = 0; path = Acronyms.app; sourceTree = BUILT_PRODUCTS_DIR; };
		A03A24682616A27100CB1089 /* AppDelegate.swift */ = {isa = PBXFileReference; lastKnownFileType = sourcecode.swift; path = AppDelegate.swift; sourceTree = "<group>"; };
		A03A246A2616A27100CB1089 /* SceneDelegate.swift */ = {isa = PBXFileReference; lastKnownFileType = sourcecode.swift; path = SceneDelegate.swift; sourceTree = "<group>"; };
		A03A246C2616A27100CB1089 /* ViewController.swift */ = {isa = PBXFileReference; lastKnownFileType = sourcecode.swift; path = ViewController.swift; sourceTree = "<group>"; };
		A03A24712616A27200CB1089 /* Assets.xcassets */ = {isa = PBXFileReference; lastKnownFileType = folder.assetcatalog; path = Assets.xcassets; sourceTree = "<group>"; };
		A03A24742616A27200CB1089 /* Base */ = {isa = PBXFileReference; lastKnownFileType = file.storyboard; name = Base; path = Base.lproj/LaunchScreen.storyboard; sourceTree = "<group>"; };
		A03A24762616A27200CB1089 /* Info.plist */ = {isa = PBXFileReference; lastKnownFileType = text.plist.xml; path = Info.plist; sourceTree = "<group>"; };
		A03A247B2616A27300CB1089 /* AcronymsTests.xctest */ = {isa = PBXFileReference; explicitFileType = wrapper.cfbundle; includeInIndex = 0; path = AcronymsTests.xctest; sourceTree = BUILT_PRODUCTS_DIR; };
		A03A247F2616A27300CB1089 /* AcronymsTests.swift */ = {isa = PBXFileReference; lastKnownFileType = sourcecode.swift; path = AcronymsTests.swift; sourceTree = "<group>"; };
		A03A24812616A27300CB1089 /* Info.plist */ = {isa = PBXFileReference; lastKnownFileType = text.plist.xml; path = Info.plist; sourceTree = "<group>"; };
		DC542086D1AC21E1F97B7AAA /* Pods-AcronymsTests.debug.xcconfig */ = {isa = PBXFileReference; includeInIndex = 1; lastKnownFileType = text.xcconfig; name = "Pods-AcronymsTests.debug.xcconfig"; path = "Target Support Files/Pods-AcronymsTests/Pods-AcronymsTests.debug.xcconfig"; sourceTree = "<group>"; };
		EF379F7EE0FA3BF827DF0D97 /* Pods-Acronyms.release.xcconfig */ = {isa = PBXFileReference; includeInIndex = 1; lastKnownFileType = text.xcconfig; name = "Pods-Acronyms.release.xcconfig"; path = "Target Support Files/Pods-Acronyms/Pods-Acronyms.release.xcconfig"; sourceTree = "<group>"; };
/* End PBXFileReference section */

/* Begin PBXFrameworksBuildPhase section */
		A03A24622616A27100CB1089 /* Frameworks */ = {
			isa = PBXFrameworksBuildPhase;
			buildActionMask = 2147483647;
			files = (
				7BD5BDB324207A6AE0D9B43E /* Pods_Acronyms.framework in Frameworks */,
			);
			runOnlyForDeploymentPostprocessing = 0;
		};
		A03A24782616A27300CB1089 /* Frameworks */ = {
			isa = PBXFrameworksBuildPhase;
			buildActionMask = 2147483647;
			files = (
				3AA76B848B315A3EC87BDEC9 /* Pods_AcronymsTests.framework in Frameworks */,
			);
			runOnlyForDeploymentPostprocessing = 0;
		};
/* End PBXFrameworksBuildPhase section */

/* Begin PBXGroup section */
		26C22FC01AEF63BEDD63DA70 /* Pods */ = {
			isa = PBXGroup;
			children = (
				17CF38629ECC38FC58001457 /* Pods-Acronyms.debug.xcconfig */,
				EF379F7EE0FA3BF827DF0D97 /* Pods-Acronyms.release.xcconfig */,
				DC542086D1AC21E1F97B7AAA /* Pods-AcronymsTests.debug.xcconfig */,
				51BA63BCF1C1B1E46D3F4030 /* Pods-AcronymsTests.release.xcconfig */,
			);
			path = Pods;
			sourceTree = "<group>";
		};
		A03A245C2616A27100CB1089 = {
			isa = PBXGroup;
			children = (
				A03A24672616A27100CB1089 /* Acronyms */,
				A03A247E2616A27300CB1089 /* AcronymsTests */,
				A03A24662616A27100CB1089 /* Products */,
				26C22FC01AEF63BEDD63DA70 /* Pods */,
				B1FE88D20E88A9A01617CB11 /* Frameworks */,
			);
			sourceTree = "<group>";
		};
		A03A24662616A27100CB1089 /* Products */ = {
			isa = PBXGroup;
			children = (
				A03A24652616A27100CB1089 /* Acronyms.app */,
				A03A247B2616A27300CB1089 /* AcronymsTests.xctest */,
			);
			name = Products;
			sourceTree = "<group>";
		};
		A03A24672616A27100CB1089 /* Acronyms */ = {
			isa = PBXGroup;
			children = (
				A03A249C2616A28900CB1089 /* SupportFiles */,
				A03A249B2616A27B00CB1089 /* Modules */,
				A03A24762616A27200CB1089 /* Info.plist */,
			);
			path = Acronyms;
			sourceTree = "<group>";
		};
		A03A247E2616A27300CB1089 /* AcronymsTests */ = {
			isa = PBXGroup;
			children = (
				A03A247F2616A27300CB1089 /* AcronymsTests.swift */,
				A03A24812616A27300CB1089 /* Info.plist */,
			);
			path = AcronymsTests;
			sourceTree = "<group>";
		};
		A03A249B2616A27B00CB1089 /* Modules */ = {
			isa = PBXGroup;
			children = (
				A03A246C2616A27100CB1089 /* ViewController.swift */,
			);
			path = Modules;
			sourceTree = "<group>";
		};
		A03A249C2616A28900CB1089 /* SupportFiles */ = {
			isa = PBXGroup;
			children = (
				A03A24712616A27200CB1089 /* Assets.xcassets */,
				A03A24732616A27200CB1089 /* LaunchScreen.storyboard */,
				A03A24682616A27100CB1089 /* AppDelegate.swift */,
				A03A246A2616A27100CB1089 /* SceneDelegate.swift */,
			);
			path = SupportFiles;
			sourceTree = "<group>";
		};
		B1FE88D20E88A9A01617CB11 /* Frameworks */ = {
			isa = PBXGroup;
			children = (
				3FABA7E24EB7421F23A5780E /* Pods_Acronyms.framework */,
				8925FDB35DE7C77E4F77C057 /* Pods_AcronymsTests.framework */,
			);
			name = Frameworks;
			sourceTree = "<group>";
		};
/* End PBXGroup section */

/* Begin PBXNativeTarget section */
		A03A24642616A27100CB1089 /* Acronyms */ = {
			isa = PBXNativeTarget;
			buildConfigurationList = A03A248F2616A27300CB1089 /* Build configuration list for PBXNativeTarget "Acronyms" */;
			buildPhases = (
				52F11948232842F1770381CA /* [CP] Check Pods Manifest.lock */,
				A03A24612616A27100CB1089 /* Sources */,
				A03A24622616A27100CB1089 /* Frameworks */,
				A03A24632616A27100CB1089 /* Resources */,
				86991C216C11390E2D97F0D1 /* [CP] Embed Pods Frameworks */,
			);
			buildRules = (
			);
			dependencies = (
			);
			name = Acronyms;
			productName = Acronyms;
			productReference = A03A24652616A27100CB1089 /* Acronyms.app */;
			productType = "com.apple.product-type.application";
		};
		A03A247A2616A27300CB1089 /* AcronymsTests */ = {
			isa = PBXNativeTarget;
			buildConfigurationList = A03A24922616A27300CB1089 /* Build configuration list for PBXNativeTarget "AcronymsTests" */;
			buildPhases = (
				6BFCDA0F6CAD15D4F491540C /* [CP] Check Pods Manifest.lock */,
				A03A24772616A27300CB1089 /* Sources */,
				A03A24782616A27300CB1089 /* Frameworks */,
				A03A24792616A27300CB1089 /* Resources */,
			);
			buildRules = (
			);
			dependencies = (
				A03A247D2616A27300CB1089 /* PBXTargetDependency */,
			);
			name = AcronymsTests;
			productName = AcronymsTests;
			productReference = A03A247B2616A27300CB1089 /* AcronymsTests.xctest */;
			productType = "com.apple.product-type.bundle.unit-test";
		};
/* End PBXNativeTarget section */

/* Begin PBXProject section */
		A03A245D2616A27100CB1089 /* Project object */ = {
			isa = PBXProject;
			attributes = {
				LastSwiftUpdateCheck = 1240;
				LastUpgradeCheck = 1240;
				TargetAttributes = {
					A03A24642616A27100CB1089 = {
						CreatedOnToolsVersion = 12.4;
					};
					A03A247A2616A27300CB1089 = {
						CreatedOnToolsVersion = 12.4;
						TestTargetID = A03A24642616A27100CB1089;
					};
				};
			};
			buildConfigurationList = A03A24602616A27100CB1089 /* Build configuration list for PBXProject "Acronyms" */;
			compatibilityVersion = "Xcode 9.3";
			developmentRegion = en;
			hasScannedForEncodings = 0;
			knownRegions = (
				en,
				Base,
			);
			mainGroup = A03A245C2616A27100CB1089;
			productRefGroup = A03A24662616A27100CB1089 /* Products */;
			projectDirPath = "";
			projectRoot = "";
			targets = (
				A03A24642616A27100CB1089 /* Acronyms */,
				A03A247A2616A27300CB1089 /* AcronymsTests */,
			);
		};
/* End PBXProject section */

/* Begin PBXResourcesBuildPhase section */
		A03A24632616A27100CB1089 /* Resources */ = {
			isa = PBXResourcesBuildPhase;
			buildActionMask = 2147483647;
			files = (
				A03A24752616A27200CB1089 /* LaunchScreen.storyboard in Resources */,
				A03A24722616A27200CB1089 /* Assets.xcassets in Resources */,
			);
			runOnlyForDeploymentPostprocessing = 0;
		};
		A03A24792616A27300CB1089 /* Resources */ = {
			isa = PBXResourcesBuildPhase;
			buildActionMask = 2147483647;
			files = (
			);
			runOnlyForDeploymentPostprocessing = 0;
		};
/* End PBXResourcesBuildPhase section */

/* Begin PBXShellScriptBuildPhase section */
		52F11948232842F1770381CA /* [CP] Check Pods Manifest.lock */ = {
			isa = PBXShellScriptBuildPhase;
			buildActionMask = 2147483647;
			files = (
			);
			inputFileListPaths = (
			);
			inputPaths = (
				"${PODS_PODFILE_DIR_PATH}/Podfile.lock",
				"${PODS_ROOT}/Manifest.lock",
			);
			name = "[CP] Check Pods Manifest.lock";
			outputFileListPaths = (
			);
			outputPaths = (
				"$(DERIVED_FILE_DIR)/Pods-Acronyms-checkManifestLockResult.txt",
			);
			runOnlyForDeploymentPostprocessing = 0;
			shellPath = /bin/sh;
			shellScript = "diff \"${PODS_PODFILE_DIR_PATH}/Podfile.lock\" \"${PODS_ROOT}/Manifest.lock\" > /dev/null\nif [ $? != 0 ] ; then\n    # print error to STDERR\n    echo \"error: The sandbox is not in sync with the Podfile.lock. Run 'pod install' or update your CocoaPods installation.\" >&2\n    exit 1\nfi\n# This output is used by Xcode 'outputs' to avoid re-running this script phase.\necho \"SUCCESS\" > \"${SCRIPT_OUTPUT_FILE_0}\"\n";
			showEnvVarsInLog = 0;
		};
		6BFCDA0F6CAD15D4F491540C /* [CP] Check Pods Manifest.lock */ = {
			isa = PBXShellScriptBuildPhase;
			buildActionMask = 2147483647;
			files = (
			);
			inputFileListPaths = (
			);
			inputPaths = (
				"${PODS_PODFILE_DIR_PATH}/Podfile.lock",
				"${PODS_ROOT}/Manifest.lock",
			);
			name = "[CP] Check Pods Manifest.lock";
			outputFileListPaths = (
			);
			outputPaths = (
				"$(DERIVED_FILE_DIR)/Pods-AcronymsTests-checkManifestLockResult.txt",
			);
			runOnlyForDeploymentPostprocessing = 0;
			shellPath = /bin/sh;
			shellScript = "diff \"${PODS_PODFILE_DIR_PATH}/Podfile.lock\" \"${PODS_ROOT}/Manifest.lock\" > /dev/null\nif [ $? != 0 ] ; then\n    # print error to STDERR\n    echo \"error: The sandbox is not in sync with the Podfile.lock. Run 'pod install' or update your CocoaPods installation.\" >&2\n    exit 1\nfi\n# This output is used by Xcode 'outputs' to avoid re-running this script phase.\necho \"SUCCESS\" > \"${SCRIPT_OUTPUT_FILE_0}\"\n";
			showEnvVarsInLog = 0;
		};
		86991C216C11390E2D97F0D1 /* [CP] Embed Pods Frameworks */ = {
			isa = PBXShellScriptBuildPhase;
			buildActionMask = 2147483647;
			files = (
			);
			inputFileListPaths = (
				"${PODS_ROOT}/Target Support Files/Pods-Acronyms/Pods-Acronyms-frameworks-${CONFIGURATION}-input-files.xcfilelist",
			);
			name = "[CP] Embed Pods Frameworks";
			outputFileListPaths = (
				"${PODS_ROOT}/Target Support Files/Pods-Acronyms/Pods-Acronyms-frameworks-${CONFIGURATION}-output-files.xcfilelist",
			);
			runOnlyForDeploymentPostprocessing = 0;
			shellPath = /bin/sh;
			shellScript = "\"${PODS_ROOT}/Target Support Files/Pods-Acronyms/Pods-Acronyms-frameworks.sh\"\n";
			showEnvVarsInLog = 0;
		};
/* End PBXShellScriptBuildPhase section */

/* Begin PBXSourcesBuildPhase section */
		A03A24612616A27100CB1089 /* Sources */ = {
			isa = PBXSourcesBuildPhase;
			buildActionMask = 2147483647;
			files = (
				A03A246D2616A27100CB1089 /* ViewController.swift in Sources */,
				A03A24692616A27100CB1089 /* AppDelegate.swift in Sources */,
				A03A246B2616A27100CB1089 /* SceneDelegate.swift in Sources */,
			);
			runOnlyForDeploymentPostprocessing = 0;
		};
		A03A24772616A27300CB1089 /* Sources */ = {
			isa = PBXSourcesBuildPhase;
			buildActionMask = 2147483647;
			files = (
				A03A24802616A27300CB1089 /* AcronymsTests.swift in Sources */,
			);
			runOnlyForDeploymentPostprocessing = 0;
		};
/* End PBXSourcesBuildPhase section */

/* Begin PBXTargetDependency section */
		A03A247D2616A27300CB1089 /* PBXTargetDependency */ = {
			isa = PBXTargetDependency;
			target = A03A24642616A27100CB1089 /* Acronyms */;
			targetProxy = A03A247C2616A27300CB1089 /* PBXContainerItemProxy */;
		};
/* End PBXTargetDependency section */

/* Begin PBXVariantGroup section */
		A03A24732616A27200CB1089 /* LaunchScreen.storyboard */ = {
			isa = PBXVariantGroup;
			children = (
				A03A24742616A27200CB1089 /* Base */,
			);
			name = LaunchScreen.storyboard;
			sourceTree = "<group>";
		};
/* End PBXVariantGroup section */

/* Begin XCBuildConfiguration section */
		A03A248D2616A27300CB1089 /* Debug */ = {
			isa = XCBuildConfiguration;
			buildSettings = {
				ALWAYS_SEARCH_USER_PATHS = NO;
				CLANG_ANALYZER_NONNULL = YES;
				CLANG_ANALYZER_NUMBER_OBJECT_CONVERSION = YES_AGGRESSIVE;
				CLANG_CXX_LANGUAGE_STANDARD = "gnu++14";
				CLANG_CXX_LIBRARY = "libc++";
				CLANG_ENABLE_MODULES = YES;
				CLANG_ENABLE_OBJC_ARC = YES;
				CLANG_ENABLE_OBJC_WEAK = YES;
				CLANG_WARN_BLOCK_CAPTURE_AUTORELEASING = YES;
				CLANG_WARN_BOOL_CONVERSION = YES;
				CLANG_WARN_COMMA = YES;
				CLANG_WARN_CONSTANT_CONVERSION = YES;
				CLANG_WARN_DEPRECATED_OBJC_IMPLEMENTATIONS = YES;
				CLANG_WARN_DIRECT_OBJC_ISA_USAGE = YES_ERROR;
				CLANG_WARN_DOCUMENTATION_COMMENTS = YES;
				CLANG_WARN_EMPTY_BODY = YES;
				CLANG_WARN_ENUM_CONVERSION = YES;
				CLANG_WARN_INFINITE_RECURSION = YES;
				CLANG_WARN_INT_CONVERSION = YES;
				CLANG_WARN_NON_LITERAL_NULL_CONVERSION = YES;
				CLANG_WARN_OBJC_IMPLICIT_RETAIN_SELF = YES;
				CLANG_WARN_OBJC_LITERAL_CONVERSION = YES;
				CLANG_WARN_OBJC_ROOT_CLASS = YES_ERROR;
				CLANG_WARN_QUOTED_INCLUDE_IN_FRAMEWORK_HEADER = YES;
				CLANG_WARN_RANGE_LOOP_ANALYSIS = YES;
				CLANG_WARN_STRICT_PROTOTYPES = YES;
				CLANG_WARN_SUSPICIOUS_MOVE = YES;
				CLANG_WARN_UNGUARDED_AVAILABILITY = YES_AGGRESSIVE;
				CLANG_WARN_UNREACHABLE_CODE = YES;
				CLANG_WARN__DUPLICATE_METHOD_MATCH = YES;
				COPY_PHASE_STRIP = NO;
				DEBUG_INFORMATION_FORMAT = dwarf;
				ENABLE_STRICT_OBJC_MSGSEND = YES;
				ENABLE_TESTABILITY = YES;
				GCC_C_LANGUAGE_STANDARD = gnu11;
				GCC_DYNAMIC_NO_PIC = NO;
				GCC_NO_COMMON_BLOCKS = YES;
				GCC_OPTIMIZATION_LEVEL = 0;
				GCC_PREPROCESSOR_DEFINITIONS = (
					"DEBUG=1",
					"$(inherited)",
				);
				GCC_WARN_64_TO_32_BIT_CONVERSION = YES;
				GCC_WARN_ABOUT_RETURN_TYPE = YES_ERROR;
				GCC_WARN_UNDECLARED_SELECTOR = YES;
				GCC_WARN_UNINITIALIZED_AUTOS = YES_AGGRESSIVE;
				GCC_WARN_UNUSED_FUNCTION = YES;
				GCC_WARN_UNUSED_VARIABLE = YES;
				IPHONEOS_DEPLOYMENT_TARGET = 14.4;
				MTL_ENABLE_DEBUG_INFO = INCLUDE_SOURCE;
				MTL_FAST_MATH = YES;
				ONLY_ACTIVE_ARCH = YES;
				SDKROOT = iphoneos;
				SWIFT_ACTIVE_COMPILATION_CONDITIONS = DEBUG;
				SWIFT_OPTIMIZATION_LEVEL = "-Onone";
			};
			name = Debug;
		};
		A03A248E2616A27300CB1089 /* Release */ = {
			isa = XCBuildConfiguration;
			buildSettings = {
				ALWAYS_SEARCH_USER_PATHS = NO;
				CLANG_ANALYZER_NONNULL = YES;
				CLANG_ANALYZER_NUMBER_OBJECT_CONVERSION = YES_AGGRESSIVE;
				CLANG_CXX_LANGUAGE_STANDARD = "gnu++14";
				CLANG_CXX_LIBRARY = "libc++";
				CLANG_ENABLE_MODULES = YES;
				CLANG_ENABLE_OBJC_ARC = YES;
				CLANG_ENABLE_OBJC_WEAK = YES;
				CLANG_WARN_BLOCK_CAPTURE_AUTORELEASING = YES;
				CLANG_WARN_BOOL_CONVERSION = YES;
				CLANG_WARN_COMMA = YES;
				CLANG_WARN_CONSTANT_CONVERSION = YES;
				CLANG_WARN_DEPRECATED_OBJC_IMPLEMENTATIONS = YES;
				CLANG_WARN_DIRECT_OBJC_ISA_USAGE = YES_ERROR;
				CLANG_WARN_DOCUMENTATION_COMMENTS = YES;
				CLANG_WARN_EMPTY_BODY = YES;
				CLANG_WARN_ENUM_CONVERSION = YES;
				CLANG_WARN_INFINITE_RECURSION = YES;
				CLANG_WARN_INT_CONVERSION = YES;
				CLANG_WARN_NON_LITERAL_NULL_CONVERSION = YES;
				CLANG_WARN_OBJC_IMPLICIT_RETAIN_SELF = YES;
				CLANG_WARN_OBJC_LITERAL_CONVERSION = YES;
				CLANG_WARN_OBJC_ROOT_CLASS = YES_ERROR;
				CLANG_WARN_QUOTED_INCLUDE_IN_FRAMEWORK_HEADER = YES;
				CLANG_WARN_RANGE_LOOP_ANALYSIS = YES;
				CLANG_WARN_STRICT_PROTOTYPES = YES;
				CLANG_WARN_SUSPICIOUS_MOVE = YES;
				CLANG_WARN_UNGUARDED_AVAILABILITY = YES_AGGRESSIVE;
				CLANG_WARN_UNREACHABLE_CODE = YES;
				CLANG_WARN__DUPLICATE_METHOD_MATCH = YES;
				COPY_PHASE_STRIP = NO;
				DEBUG_INFORMATION_FORMAT = "dwarf-with-dsym";
				ENABLE_NS_ASSERTIONS = NO;
				ENABLE_STRICT_OBJC_MSGSEND = YES;
				GCC_C_LANGUAGE_STANDARD = gnu11;
				GCC_NO_COMMON_BLOCKS = YES;
				GCC_WARN_64_TO_32_BIT_CONVERSION = YES;
				GCC_WARN_ABOUT_RETURN_TYPE = YES_ERROR;
				GCC_WARN_UNDECLARED_SELECTOR = YES;
				GCC_WARN_UNINITIALIZED_AUTOS = YES_AGGRESSIVE;
				GCC_WARN_UNUSED_FUNCTION = YES;
				GCC_WARN_UNUSED_VARIABLE = YES;
				IPHONEOS_DEPLOYMENT_TARGET = 14.4;
				MTL_ENABLE_DEBUG_INFO = NO;
				MTL_FAST_MATH = YES;
				SDKROOT = iphoneos;
				SWIFT_COMPILATION_MODE = wholemodule;
				SWIFT_OPTIMIZATION_LEVEL = "-O";
				VALIDATE_PRODUCT = YES;
			};
			name = Release;
		};
		A03A24902616A27300CB1089 /* Debug */ = {
			isa = XCBuildConfiguration;
			baseConfigurationReference = 17CF38629ECC38FC58001457 /* Pods-Acronyms.debug.xcconfig */;
			buildSettings = {
				ASSETCATALOG_COMPILER_APPICON_NAME = AppIcon;
				ASSETCATALOG_COMPILER_GLOBAL_ACCENT_COLOR_NAME = AccentColor;
				CODE_SIGN_STYLE = Automatic;
				DEVELOPMENT_TEAM = M29R8TYG9B;
				INFOPLIST_FILE = Acronyms/Info.plist;
				IPHONEOS_DEPLOYMENT_TARGET = 14.4;
				LD_RUNPATH_SEARCH_PATHS = (
					"$(inherited)",
					"@executable_path/Frameworks",
				);
				PRODUCT_BUNDLE_IDENTIFIER = com.luis.Acronyms;
				PRODUCT_NAME = "$(TARGET_NAME)";
				SWIFT_VERSION = 5.0;
				TARGETED_DEVICE_FAMILY = 1;
			};
			name = Debug;
		};
		A03A24912616A27300CB1089 /* Release */ = {
			isa = XCBuildConfiguration;
			baseConfigurationReference = EF379F7EE0FA3BF827DF0D97 /* Pods-Acronyms.release.xcconfig */;
			buildSettings = {
				ASSETCATALOG_COMPILER_APPICON_NAME = AppIcon;
				ASSETCATALOG_COMPILER_GLOBAL_ACCENT_COLOR_NAME = AccentColor;
				CODE_SIGN_STYLE = Automatic;
				DEVELOPMENT_TEAM = M29R8TYG9B;
				INFOPLIST_FILE = Acronyms/Info.plist;
				IPHONEOS_DEPLOYMENT_TARGET = 14.4;
				LD_RUNPATH_SEARCH_PATHS = (
					"$(inherited)",
					"@executable_path/Frameworks",
				);
				PRODUCT_BUNDLE_IDENTIFIER = com.luis.Acronyms;
				PRODUCT_NAME = "$(TARGET_NAME)";
				SWIFT_VERSION = 5.0;
				TARGETED_DEVICE_FAMILY = 1;
			};
			name = Release;
		};
		A03A24932616A27300CB1089 /* Debug */ = {
			isa = XCBuildConfiguration;
			baseConfigurationReference = DC542086D1AC21E1F97B7AAA /* Pods-AcronymsTests.debug.xcconfig */;
			buildSettings = {
				ALWAYS_EMBED_SWIFT_STANDARD_LIBRARIES = YES;
				BUNDLE_LOADER = "$(TEST_HOST)";
				CODE_SIGN_STYLE = Automatic;
				DEVELOPMENT_TEAM = M29R8TYG9B;
				INFOPLIST_FILE = AcronymsTests/Info.plist;
				IPHONEOS_DEPLOYMENT_TARGET = 14.4;
				LD_RUNPATH_SEARCH_PATHS = (
					"$(inherited)",
					"@executable_path/Frameworks",
					"@loader_path/Frameworks",
				);
				PRODUCT_BUNDLE_IDENTIFIER = com.luis.AcronymsTests;
				PRODUCT_NAME = "$(TARGET_NAME)";
				SWIFT_VERSION = 5.0;
				TARGETED_DEVICE_FAMILY = "1,2";
				TEST_HOST = "$(BUILT_PRODUCTS_DIR)/Acronyms.app/Acronyms";
			};
			name = Debug;
		};
		A03A24942616A27300CB1089 /* Release */ = {
			isa = XCBuildConfiguration;
			baseConfigurationReference = 51BA63BCF1C1B1E46D3F4030 /* Pods-AcronymsTests.release.xcconfig */;
			buildSettings = {
				ALWAYS_EMBED_SWIFT_STANDARD_LIBRARIES = YES;
				BUNDLE_LOADER = "$(TEST_HOST)";
				CODE_SIGN_STYLE = Automatic;
				DEVELOPMENT_TEAM = M29R8TYG9B;
				INFOPLIST_FILE = AcronymsTests/Info.plist;
				IPHONEOS_DEPLOYMENT_TARGET = 14.4;
				LD_RUNPATH_SEARCH_PATHS = (
					"$(inherited)",
					"@executable_path/Frameworks",
					"@loader_path/Frameworks",
				);
				PRODUCT_BUNDLE_IDENTIFIER = com.luis.AcronymsTests;
				PRODUCT_NAME = "$(TARGET_NAME)";
				SWIFT_VERSION = 5.0;
				TARGETED_DEVICE_FAMILY = "1,2";
				TEST_HOST = "$(BUILT_PRODUCTS_DIR)/Acronyms.app/Acronyms";
			};
			name = Release;
		};
/* End XCBuildConfiguration section */

/* Begin XCConfigurationList section */
		A03A24602616A27100CB1089 /* Build configuration list for PBXProject "Acronyms" */ = {
			isa = XCConfigurationList;
			buildConfigurations = (
				A03A248D2616A27300CB1089 /* Debug */,
				A03A248E2616A27300CB1089 /* Release */,
			);
			defaultConfigurationIsVisible = 0;
			defaultConfigurationName = Release;
		};
		A03A248F2616A27300CB1089 /* Build configuration list for PBXNativeTarget "Acronyms" */ = {
			isa = XCConfigurationList;
			buildConfigurations = (
				A03A24902616A27300CB1089 /* Debug */,
				A03A24912616A27300CB1089 /* Release */,
			);
			defaultConfigurationIsVisible = 0;
			defaultConfigurationName = Release;
		};
		A03A24922616A27300CB1089 /* Build configuration list for PBXNativeTarget "AcronymsTests" */ = {
			isa = XCConfigurationList;
			buildConfigurations = (
				A03A24932616A27300CB1089 /* Debug */,
				A03A24942616A27300CB1089 /* Release */,
			);
			defaultConfigurationIsVisible = 0;
			defaultConfigurationName = Release;
		};
/* End XCConfigurationList section */
	};
	rootObject = A03A245D2616A27100CB1089 /* Project object */;
}
